// !$*UTF8*$!
{
	archiveVersion = 1;
	classes = {
	};
	objectVersion = 46;
	objects = {

/* Begin PBXBuildFile section */
		6B6912781B1719E6006311BA /* AppDelegate.swift in Sources */ = {isa = PBXBuildFile; fileRef = 6B6912771B1719E6006311BA /* AppDelegate.swift */; };
		6B69127A1B1719E6006311BA /* ViewController.swift in Sources */ = {isa = PBXBuildFile; fileRef = 6B6912791B1719E6006311BA /* ViewController.swift */; };
		6B69127D1B1719E6006311BA /* Main.storyboard in Resources */ = {isa = PBXBuildFile; fileRef = 6B69127B1B1719E6006311BA /* Main.storyboard */; };
		6B69127F1B1719E6006311BA /* Images.xcassets in Resources */ = {isa = PBXBuildFile; fileRef = 6B69127E1B1719E6006311BA /* Images.xcassets */; };
		6B6912821B1719E6006311BA /* LaunchScreen.xib in Resources */ = {isa = PBXBuildFile; fileRef = 6B6912801B1719E6006311BA /* LaunchScreen.xib */; };
		6B69128E1B1719E7006311BA /* FindAMovieTests.swift in Sources */ = {isa = PBXBuildFile; fileRef = 6B69128D1B1719E7006311BA /* FindAMovieTests.swift */; };
/* End PBXBuildFile section */

/* Begin PBXContainerItemProxy section */
		6B6912881B1719E7006311BA /* PBXContainerItemProxy */ = {
			isa = PBXContainerItemProxy;
			containerPortal = 6B69126A1B1719E6006311BA /* Project object */;
			proxyType = 1;
			remoteGlobalIDString = 6B6912711B1719E6006311BA;
			remoteInfo = FindAMovie;
		};
/* End PBXContainerItemProxy section */

/* Begin PBXFileReference section */
		6B143E171B1B8648002D0C72 /* Sratchpad.playground */ = {isa = PBXFileReference; lastKnownFileType = file.playground; name = Sratchpad.playground; path = FindAMovie/Sratchpad.playground; sourceTree = "<group>"; };
		6B6912721B1719E6006311BA /* FindAMovie.app */ = {isa = PBXFileReference; explicitFileType = wrapper.application; includeInIndex = 0; path = FindAMovie.app; sourceTree = BUILT_PRODUCTS_DIR; };
		6B6912761B1719E6006311BA /* Info.plist */ = {isa = PBXFileReference; lastKnownFileType = text.plist.xml; path = Info.plist; sourceTree = "<group>"; };
		6B6912771B1719E6006311BA /* AppDelegate.swift */ = {isa = PBXFileReference; lastKnownFileType = sourcecode.swift; path = AppDelegate.swift; sourceTree = "<group>"; };
		6B6912791B1719E6006311BA /* ViewController.swift */ = {isa = PBXFileReference; lastKnownFileType = sourcecode.swift; path = ViewController.swift; sourceTree = "<group>"; };
		6B69127C1B1719E6006311BA /* Base */ = {isa = PBXFileReference; lastKnownFileType = file.storyboard; name = Base; path = Base.lproj/Main.storyboard; sourceTree = "<group>"; };
		6B69127E1B1719E6006311BA /* Images.xcassets */ = {isa = PBXFileReference; lastKnownFileType = folder.assetcatalog; path = Images.xcassets; sourceTree = "<group>"; };
		6B6912811B1719E6006311BA /* Base */ = {isa = PBXFileReference; lastKnownFileType = file.xib; name = Base; path = Base.lproj/LaunchScreen.xib; sourceTree = "<group>"; };
		6B6912871B1719E7006311BA /* FindAMovieTests.xctest */ = {isa = PBXFileReference; explicitFileType = wrapper.cfbundle; includeInIndex = 0; path = FindAMovieTests.xctest; sourceTree = BUILT_PRODUCTS_DIR; };
		6B69128C1B1719E7006311BA /* Info.plist */ = {isa = PBXFileReference; lastKnownFileType = text.plist.xml; path = Info.plist; sourceTree = "<group>"; };
		6B69128D1B1719E7006311BA /* FindAMovieTests.swift */ = {isa = PBXFileReference; lastKnownFileType = sourcecode.swift; path = FindAMovieTests.swift; sourceTree = "<group>"; };
/* End PBXFileReference section */

/* Begin PBXFrameworksBuildPhase section */
		6B69126F1B1719E6006311BA /* Frameworks */ = {
			isa = PBXFrameworksBuildPhase;
			buildActionMask = 2147483647;
			files = (
			);
			runOnlyForDeploymentPostprocessing = 0;
		};
		6B6912841B1719E7006311BA /* Frameworks */ = {
			isa = PBXFrameworksBuildPhase;
			buildActionMask = 2147483647;
			files = (
			);
			runOnlyForDeploymentPostprocessing = 0;
		};
/* End PBXFrameworksBuildPhase section */

/* Begin PBXGroup section */
		6B143E181B1B8655002D0C72 /* Playground */ = {
			isa = PBXGroup;
			children = (
				6B143E171B1B8648002D0C72 /* Sratchpad.playground */,
			);
			name = Playground;
			sourceTree = "<group>";
		};
		6B143E191B1B87BF002D0C72 /* Model */ = {
			isa = PBXGroup;
			children = (
			);
			name = Model;
			sourceTree = "<group>";
		};
		6B143E1A1B1B87E2002D0C72 /* Controller */ = {
			isa = PBXGroup;
			children = (
				6B6912791B1719E6006311BA /* ViewController.swift */,
			);
			name = Controller;
			sourceTree = "<group>";
		};
		6B6912691B1719E6006311BA = {
			isa = PBXGroup;
			children = (
				6B6912741B1719E6006311BA /* FindAMovie */,
				6B69128A1B1719E7006311BA /* FindAMovieTests */,
				6B6912731B1719E6006311BA /* Products */,
				6B143E181B1B8655002D0C72 /* Playground */,
			);
			sourceTree = "<group>";
		};
		6B6912731B1719E6006311BA /* Products */ = {
			isa = PBXGroup;
			children = (
				6B6912721B1719E6006311BA /* FindAMovie.app */,
				6B6912871B1719E7006311BA /* FindAMovieTests.xctest */,
			);
			name = Products;
			sourceTree = "<group>";
		};
		6B6912741B1719E6006311BA /* FindAMovie */ = {
			isa = PBXGroup;
			children = (
				6B143E1A1B1B87E2002D0C72 /* Controller */,
				6B143E191B1B87BF002D0C72 /* Model */,
				6B6912771B1719E6006311BA /* AppDelegate.swift */,
				6B69127B1B1719E6006311BA /* Main.storyboard */,
				6B69127E1B1719E6006311BA /* Images.xcassets */,
				6B6912801B1719E6006311BA /* LaunchScreen.xib */,
				6B6912751B1719E6006311BA /* Supporting Files */,
			);
			path = FindAMovie;
			sourceTree = "<group>";
		};
		6B6912751B1719E6006311BA /* Supporting Files */ = {
			isa = PBXGroup;
			children = (
				6B6912761B1719E6006311BA /* Info.plist */,
			);
			name = "Supporting Files";
			sourceTree = "<group>";
		};
		6B69128A1B1719E7006311BA /* FindAMovieTests */ = {
			isa = PBXGroup;
			children = (
				6B69128D1B1719E7006311BA /* FindAMovieTests.swift */,
				6B69128B1B1719E7006311BA /* Supporting Files */,
			);
			path = FindAMovieTests;
			sourceTree = "<group>";
		};
		6B69128B1B1719E7006311BA /* Supporting Files */ = {
			isa = PBXGroup;
			children = (
				6B69128C1B1719E7006311BA /* Info.plist */,
			);
			name = "Supporting Files";
			sourceTree = "<group>";
		};
/* End PBXGroup section */

/* Begin PBXNativeTarget section */
		6B6912711B1719E6006311BA /* FindAMovie */ = {
			isa = PBXNativeTarget;
			buildConfigurationList = 6B6912911B1719E7006311BA /* Build configuration list for PBXNativeTarget "FindAMovie" */;
			buildPhases = (
				6B69126E1B1719E6006311BA /* Sources */,
				6B69126F1B1719E6006311BA /* Frameworks */,
				6B6912701B1719E6006311BA /* Resources */,
			);
			buildRules = (
			);
			dependencies = (
			);
			name = FindAMovie;
			productName = FindAMovie;
			productReference = 6B6912721B1719E6006311BA /* FindAMovie.app */;
			productType = "com.apple.product-type.application";
		};
		6B6912861B1719E7006311BA /* FindAMovieTests */ = {
			isa = PBXNativeTarget;
			buildConfigurationList = 6B6912941B1719E7006311BA /* Build configuration list for PBXNativeTarget "FindAMovieTests" */;
			buildPhases = (
				6B6912831B1719E7006311BA /* Sources */,
				6B6912841B1719E7006311BA /* Frameworks */,
				6B6912851B1719E7006311BA /* Resources */,
			);
			buildRules = (
			);
			dependencies = (
				6B6912891B1719E7006311BA /* PBXTargetDependency */,
			);
			name = FindAMovieTests;
			productName = FindAMovieTests;
			productReference = 6B6912871B1719E7006311BA /* FindAMovieTests.xctest */;
			productType = "com.apple.product-type.bundle.unit-test";
		};
/* End PBXNativeTarget section */

/* Begin PBXProject section */
		6B69126A1B1719E6006311BA /* Project object */ = {
			isa = PBXProject;
			attributes = {
				LastUpgradeCheck = 0630;
				ORGANIZATIONNAME = Hetic;
				TargetAttributes = {
					6B6912711B1719E6006311BA = {
						CreatedOnToolsVersion = 6.3.2;
						DevelopmentTeam = 99D895TFL2;
					};
					6B6912861B1719E7006311BA = {
						CreatedOnToolsVersion = 6.3.2;
						TestTargetID = 6B6912711B1719E6006311BA;
					};
				};
			};
			buildConfigurationList = 6B69126D1B1719E6006311BA /* Build configuration list for PBXProject "FindAMovie" */;
			compatibilityVersion = "Xcode 3.2";
			developmentRegion = English;
			hasScannedForEncodings = 0;
			knownRegions = (
				en,
				Base,
			);
			mainGroup = 6B6912691B1719E6006311BA;
			productRefGroup = 6B6912731B1719E6006311BA /* Products */;
			projectDirPath = "";
			projectRoot = "";
			targets = (
				6B6912711B1719E6006311BA /* FindAMovie */,
				6B6912861B1719E7006311BA /* FindAMovieTests */,
			);
		};
/* End PBXProject section */

/* Begin PBXResourcesBuildPhase section */
		6B6912701B1719E6006311BA /* Resources */ = {
			isa = PBXResourcesBuildPhase;
			buildActionMask = 2147483647;
			files = (
				6B69127D1B1719E6006311BA /* Main.storyboard in Resources */,
				6B6912821B1719E6006311BA /* LaunchScreen.xib in Resources */,
				6B69127F1B1719E6006311BA /* Images.xcassets in Resources */,
			);
			runOnlyForDeploymentPostprocessing = 0;
		};
		6B6912851B1719E7006311BA /* Resources */ = {
			isa = PBXResourcesBuildPhase;
			buildActionMask = 2147483647;
			files = (
			);
			runOnlyForDeploymentPostprocessing = 0;
		};
/* End PBXResourcesBuildPhase section */

/* Begin PBXSourcesBuildPhase section */
		6B69126E1B1719E6006311BA /* Sources */ = {
			isa = PBXSourcesBuildPhase;
			buildActionMask = 2147483647;
			files = (
				6B69127A1B1719E6006311BA /* ViewController.swift in Sources */,
				6B6912781B1719E6006311BA /* AppDelegate.swift in Sources */,
			);
			runOnlyForDeploymentPostprocessing = 0;
		};
		6B6912831B1719E7006311BA /* Sources */ = {
			isa = PBXSourcesBuildPhase;
			buildActionMask = 2147483647;
			files = (
				6B69128E1B1719E7006311BA /* FindAMovieTests.swift in Sources */,
			);
			runOnlyForDeploymentPostprocessing = 0;
		};
/* End PBXSourcesBuildPhase section */

/* Begin PBXTargetDependency section */
		6B6912891B1719E7006311BA /* PBXTargetDependency */ = {
			isa = PBXTargetDependency;
			target = 6B6912711B1719E6006311BA /* FindAMovie */;
			targetProxy = 6B6912881B1719E7006311BA /* PBXContainerItemProxy */;
		};
/* End PBXTargetDependency section */

/* Begin PBXVariantGroup section */
		6B69127B1B1719E6006311BA /* Main.storyboard */ = {
			isa = PBXVariantGroup;
			children = (
				6B69127C1B1719E6006311BA /* Base */,
			);
			name = Main.storyboard;
			sourceTree = "<group>";
		};
		6B6912801B1719E6006311BA /* LaunchScreen.xib */ = {
			isa = PBXVariantGroup;
			children = (
				6B6912811B1719E6006311BA /* Base */,
			);
			name = LaunchScreen.xib;
			sourceTree = "<group>";
		};
/* End PBXVariantGroup section */

/* Begin XCBuildConfiguration section */
		6B69128F1B1719E7006311BA /* Debug */ = {
			isa = XCBuildConfiguration;
			buildSettings = {
				ALWAYS_SEARCH_USER_PATHS = NO;
				CLANG_CXX_LANGUAGE_STANDARD = "gnu++0x";
				CLANG_CXX_LIBRARY = "libc++";
				CLANG_ENABLE_MODULES = YES;
				CLANG_ENABLE_OBJC_ARC = YES;
				CLANG_WARN_BOOL_CONVERSION = YES;
				CLANG_WARN_CONSTANT_CONVERSION = YES;
				CLANG_WARN_DIRECT_OBJC_ISA_USAGE = YES_ERROR;
				CLANG_WARN_EMPTY_BODY = YES;
				CLANG_WARN_ENUM_CONVERSION = YES;
				CLANG_WARN_INT_CONVERSION = YES;
				CLANG_WARN_OBJC_ROOT_CLASS = YES_ERROR;
				CLANG_WARN_UNREACHABLE_CODE = YES;
				CLANG_WARN__DUPLICATE_METHOD_MATCH = YES;
				"CODE_SIGN_IDENTITY[sdk=iphoneos*]" = "iPhone Developer";
				COPY_PHASE_STRIP = NO;
				DEBUG_INFORMATION_FORMAT = "dwarf-with-dsym";
				ENABLE_STRICT_OBJC_MSGSEND = YES;
				GCC_C_LANGUAGE_STANDARD = gnu99;
				GCC_DYNAMIC_NO_PIC = NO;
				GCC_NO_COMMON_BLOCKS = YES;
				GCC_OPTIMIZATION_LEVEL = 0;
				GCC_PREPROCESSOR_DEFINITIONS = (
					"DEBUG=1",
					"$(inherited)",
				);
				GCC_SYMBOLS_PRIVATE_EXTERN = NO;
				GCC_WARN_64_TO_32_BIT_CONVERSION = YES;
				GCC_WARN_ABOUT_RETURN_TYPE = YES_ERROR;
				GCC_WARN_UNDECLARED_SELECTOR = YES;
				GCC_WARN_UNINITIALIZED_AUTOS = YES_AGGRESSIVE;
				GCC_WARN_UNUSED_FUNCTION = YES;
				GCC_WARN_UNUSED_VARIABLE = YES;
				IPHONEOS_DEPLOYMENT_TARGET = 8.3;
				MTL_ENABLE_DEBUG_INFO = YES;
				ONLY_ACTIVE_ARCH = YES;
				SDKROOT = iphoneos;
				SWIFT_OPTIMIZATION_LEVEL = "-Onone";
			};
			name = Debug;
		};
		6B6912901B1719E7006311BA /* Release */ = {
			isa = XCBuildConfiguration;
			buildSettings = {
				ALWAYS_SEARCH_USER_PATHS = NO;
				CLANG_CXX_LANGUAGE_STANDARD = "gnu++0x";
				CLANG_CXX_LIBRARY = "libc++";
				CLANG_ENABLE_MODULES = YES;
				CLANG_ENABLE_OBJC_ARC = YES;
				CLANG_WARN_BOOL_CONVERSION = YES;
				CLANG_WARN_CONSTANT_CONVERSION = YES;
				CLANG_WARN_DIRECT_OBJC_ISA_USAGE = YES_ERROR;
				CLANG_WARN_EMPTY_BODY = YES;
				CLANG_WARN_ENUM_CONVERSION = YES;
				CLANG_WARN_INT_CONVERSION = YES;
				CLANG_WARN_OBJC_ROOT_CLASS = YES_ERROR;
				CLANG_WARN_UNREACHABLE_CODE = YES;
				CLANG_WARN__DUPLICATE_METHOD_MATCH = YES;
				"CODE_SIGN_IDENTITY[sdk=iphoneos*]" = "iPhone Developer";
				COPY_PHASE_STRIP = NO;
				DEBUG_INFORMATION_FORMAT = "dwarf-with-dsym";
				ENABLE_NS_ASSERTIONS = NO;
				ENABLE_STRICT_OBJC_MSGSEND = YES;
				GCC_C_LANGUAGE_STANDARD = gnu99;
				GCC_NO_COMMON_BLOCKS = YES;
				GCC_WARN_64_TO_32_BIT_CONVERSION = YES;
				GCC_WARN_ABOUT_RETURN_TYPE = YES_ERROR;
				GCC_WARN_UNDECLARED_SELECTOR = YES;
				GCC_WARN_UNINITIALIZED_AUTOS = YES_AGGRESSIVE;
				GCC_WARN_UNUSED_FUNCTION = YES;
				GCC_WARN_UNUSED_VARIABLE = YES;
				IPHONEOS_DEPLOYMENT_TARGET = 8.3;
				MTL_ENABLE_DEBUG_INFO = NO;
				SDKROOT = iphoneos;
				VALIDATE_PRODUCT = YES;
			};
			name = Release;
		};
		6B6912921B1719E7006311BA /* Debug */ = {
			isa = XCBuildConfiguration;
			buildSettings = {
				ASSETCATALOG_COMPILER_APPICON_NAME = AppIcon;
				CODE_SIGN_IDENTITY = "iPhone Developer";
				INFOPLIST_FILE = FindAMovie/Info.plist;
				LD_RUNPATH_SEARCH_PATHS = "$(inherited) @executable_path/Frameworks";
				PRODUCT_NAME = "$(TARGET_NAME)";
			};
			name = Debug;
		};
		6B6912931B1719E7006311BA /* Release */ = {
			isa = XCBuildConfiguration;
			buildSettings = {
				ASSETCATALOG_COMPILER_APPICON_NAME = AppIcon;
				CODE_SIGN_IDENTITY = "iPhone Developer";
				INFOPLIST_FILE = FindAMovie/Info.plist;
				LD_RUNPATH_SEARCH_PATHS = "$(inherited) @executable_path/Frameworks";
				PRODUCT_NAME = "$(TARGET_NAME)";
			};
			name = Release;
		};
		6B6912951B1719E7006311BA /* Debug */ = {
			isa = XCBuildConfiguration;
			buildSettings = {
				BUNDLE_LOADER = "$(TEST_HOST)";
				FRAMEWORK_SEARCH_PATHS = (
					"$(SDKROOT)/Developer/Library/Frameworks",
					"$(inherited)",
				);
				GCC_PREPROCESSOR_DEFINITIONS = (
					"DEBUG=1",
					"$(inherited)",
				);
				INFOPLIST_FILE = FindAMovieTests/Info.plist;
				LD_RUNPATH_SEARCH_PATHS = "$(inherited) @executable_path/Frameworks @loader_path/Frameworks";
				PRODUCT_NAME = "$(TARGET_NAME)";
				TEST_HOST = "$(BUILT_PRODUCTS_DIR)/FindAMovie.app/FindAMovie";
			};
			name = Debug;
		};
		6B6912961B1719E7006311BA /* Release */ = {
			isa = XCBuildConfiguration;
			buildSettings = {
				BUNDLE_LOADER = "$(TEST_HOST)";
				FRAMEWORK_SEARCH_PATHS = (
					"$(SDKROOT)/Developer/Library/Frameworks",
					"$(inherited)",
				);
				INFOPLIST_FILE = FindAMovieTests/Info.plist;
				LD_RUNPATH_SEARCH_PATHS = "$(inherited) @executable_path/Frameworks @loader_path/Frameworks";
				PRODUCT_NAME = "$(TARGET_NAME)";
				TEST_HOST = "$(BUILT_PRODUCTS_DIR)/FindAMovie.app/FindAMovie";
			};
			name = Release;
		};
/* End XCBuildConfiguration section */

/* Begin XCConfigurationList section */
		6B69126D1B1719E6006311BA /* Build configuration list for PBXProject "FindAMovie" */ = {
			isa = XCConfigurationList;
			buildConfigurations = (
				6B69128F1B1719E7006311BA /* Debug */,
				6B6912901B1719E7006311BA /* Release */,
			);
			defaultConfigurationIsVisible = 0;
			defaultConfigurationName = Release;
		};
		6B6912911B1719E7006311BA /* Build configuration list for PBXNativeTarget "FindAMovie" */ = {
			isa = XCConfigurationList;
			buildConfigurations = (
				6B6912921B1719E7006311BA /* Debug */,
				6B6912931B1719E7006311BA /* Release */,
			);
			defaultConfigurationIsVisible = 0;
			defaultConfigurationName = Release;
		};
		6B6912941B1719E7006311BA /* Build configuration list for PBXNativeTarget "FindAMovieTests" */ = {
			isa = XCConfigurationList;
			buildConfigurations = (
				6B6912951B1719E7006311BA /* Debug */,
				6B6912961B1719E7006311BA /* Release */,
			);
			defaultConfigurationIsVisible = 0;
			defaultConfigurationName = Release;
		};
/* End XCConfigurationList section */
	};
	rootObject = 6B69126A1B1719E6006311BA /* Project object */;
}
